// !$*UTF8*$!
{
	archiveVersion = 1;
	classes = {
	};
	objectVersion = 50;
	objects = {

/* Begin PBXBuildFile section */
		8871172322E9B2A700F82399 /* AppDelegate.swift in Sources */ = {isa = PBXBuildFile; fileRef = 8871172222E9B2A700F82399 /* AppDelegate.swift */; };
		8871172522E9B2A700F82399 /* ViewController.swift in Sources */ = {isa = PBXBuildFile; fileRef = 8871172422E9B2A700F82399 /* ViewController.swift */; };
		8871172822E9B2A700F82399 /* Main.storyboard in Resources */ = {isa = PBXBuildFile; fileRef = 8871172622E9B2A700F82399 /* Main.storyboard */; };
		8871172A22E9B2AB00F82399 /* Assets.xcassets in Resources */ = {isa = PBXBuildFile; fileRef = 8871172922E9B2AB00F82399 /* Assets.xcassets */; };
		8871172D22E9B2AB00F82399 /* LaunchScreen.storyboard in Resources */ = {isa = PBXBuildFile; fileRef = 8871172B22E9B2AB00F82399 /* LaunchScreen.storyboard */; };
		8871173822E9B2AB00F82399 /* SwiftTimerTests.swift in Sources */ = {isa = PBXBuildFile; fileRef = 8871173722E9B2AB00F82399 /* SwiftTimerTests.swift */; };
		8871174322E9B2AB00F82399 /* SwiftTimerUITests.swift in Sources */ = {isa = PBXBuildFile; fileRef = 8871174222E9B2AB00F82399 /* SwiftTimerUITests.swift */; };
/* End PBXBuildFile section */

/* Begin PBXContainerItemProxy section */
		8871173422E9B2AB00F82399 /* PBXContainerItemProxy */ = {
			isa = PBXContainerItemProxy;
			containerPortal = 8871171722E9B2A700F82399 /* Project object */;
			proxyType = 1;
			remoteGlobalIDString = 8871171E22E9B2A700F82399;
			remoteInfo = SwiftTimer;
		};
		8871173F22E9B2AB00F82399 /* PBXContainerItemProxy */ = {
			isa = PBXContainerItemProxy;
			containerPortal = 8871171722E9B2A700F82399 /* Project object */;
			proxyType = 1;
			remoteGlobalIDString = 8871171E22E9B2A700F82399;
			remoteInfo = SwiftTimer;
		};
/* End PBXContainerItemProxy section */

/* Begin PBXFileReference section */
		8871171F22E9B2A700F82399 /* SwiftTimer.app */ = {isa = PBXFileReference; explicitFileType = wrapper.application; includeInIndex = 0; path = SwiftTimer.app; sourceTree = BUILT_PRODUCTS_DIR; };
		8871172222E9B2A700F82399 /* AppDelegate.swift */ = {isa = PBXFileReference; lastKnownFileType = sourcecode.swift; path = AppDelegate.swift; sourceTree = "<group>"; };
		8871172422E9B2A700F82399 /* ViewController.swift */ = {isa = PBXFileReference; lastKnownFileType = sourcecode.swift; path = ViewController.swift; sourceTree = "<group>"; };
		8871172722E9B2A700F82399 /* Base */ = {isa = PBXFileReference; lastKnownFileType = file.storyboard; name = Base; path = Base.lproj/Main.storyboard; sourceTree = "<group>"; };
		8871172922E9B2AB00F82399 /* Assets.xcassets */ = {isa = PBXFileReference; lastKnownFileType = folder.assetcatalog; path = Assets.xcassets; sourceTree = "<group>"; };
		8871172C22E9B2AB00F82399 /* Base */ = {isa = PBXFileReference; lastKnownFileType = file.storyboard; name = Base; path = Base.lproj/LaunchScreen.storyboard; sourceTree = "<group>"; };
		8871172E22E9B2AB00F82399 /* Info.plist */ = {isa = PBXFileReference; lastKnownFileType = text.plist.xml; path = Info.plist; sourceTree = "<group>"; };
		8871173322E9B2AB00F82399 /* SwiftTimerTests.xctest */ = {isa = PBXFileReference; explicitFileType = wrapper.cfbundle; includeInIndex = 0; path = SwiftTimerTests.xctest; sourceTree = BUILT_PRODUCTS_DIR; };
		8871173722E9B2AB00F82399 /* SwiftTimerTests.swift */ = {isa = PBXFileReference; lastKnownFileType = sourcecode.swift; path = SwiftTimerTests.swift; sourceTree = "<group>"; };
		8871173922E9B2AB00F82399 /* Info.plist */ = {isa = PBXFileReference; lastKnownFileType = text.plist.xml; path = Info.plist; sourceTree = "<group>"; };
		8871173E22E9B2AB00F82399 /* SwiftTimerUITests.xctest */ = {isa = PBXFileReference; explicitFileType = wrapper.cfbundle; includeInIndex = 0; path = SwiftTimerUITests.xctest; sourceTree = BUILT_PRODUCTS_DIR; };
		8871174222E9B2AB00F82399 /* SwiftTimerUITests.swift */ = {isa = PBXFileReference; lastKnownFileType = sourcecode.swift; path = SwiftTimerUITests.swift; sourceTree = "<group>"; };
		8871174422E9B2AB00F82399 /* Info.plist */ = {isa = PBXFileReference; lastKnownFileType = text.plist.xml; path = Info.plist; sourceTree = "<group>"; };
/* End PBXFileReference section */

/* Begin PBXFrameworksBuildPhase section */
		8871171C22E9B2A700F82399 /* Frameworks */ = {
			isa = PBXFrameworksBuildPhase;
			buildActionMask = 2147483647;
			files = (
			);
			runOnlyForDeploymentPostprocessing = 0;
		};
		8871173022E9B2AB00F82399 /* Frameworks */ = {
			isa = PBXFrameworksBuildPhase;
			buildActionMask = 2147483647;
			files = (
			);
			runOnlyForDeploymentPostprocessing = 0;
		};
		8871173B22E9B2AB00F82399 /* Frameworks */ = {
			isa = PBXFrameworksBuildPhase;
			buildActionMask = 2147483647;
			files = (
			);
			runOnlyForDeploymentPostprocessing = 0;
		};
/* End PBXFrameworksBuildPhase section */

/* Begin PBXGroup section */
		8871171622E9B2A700F82399 = {
			isa = PBXGroup;
			children = (
				8871172122E9B2A700F82399 /* SwiftTimer */,
				8871173622E9B2AB00F82399 /* SwiftTimerTests */,
				8871174122E9B2AB00F82399 /* SwiftTimerUITests */,
				8871172022E9B2A700F82399 /* Products */,
			);
			sourceTree = "<group>";
		};
		8871172022E9B2A700F82399 /* Products */ = {
			isa = PBXGroup;
			children = (
				8871171F22E9B2A700F82399 /* SwiftTimer.app */,
				8871173322E9B2AB00F82399 /* SwiftTimerTests.xctest */,
				8871173E22E9B2AB00F82399 /* SwiftTimerUITests.xctest */,
			);
			name = Products;
			sourceTree = "<group>";
		};
		8871172122E9B2A700F82399 /* SwiftTimer */ = {
			isa = PBXGroup;
			children = (
				8871172222E9B2A700F82399 /* AppDelegate.swift */,
				8871172422E9B2A700F82399 /* ViewController.swift */,
				8871172622E9B2A700F82399 /* Main.storyboard */,
				8871172922E9B2AB00F82399 /* Assets.xcassets */,
				8871172B22E9B2AB00F82399 /* LaunchScreen.storyboard */,
				8871172E22E9B2AB00F82399 /* Info.plist */,
			);
			path = SwiftTimer;
			sourceTree = "<group>";
		};
		8871173622E9B2AB00F82399 /* SwiftTimerTests */ = {
			isa = PBXGroup;
			children = (
				8871173722E9B2AB00F82399 /* SwiftTimerTests.swift */,
				8871173922E9B2AB00F82399 /* Info.plist */,
			);
			path = SwiftTimerTests;
			sourceTree = "<group>";
		};
		8871174122E9B2AB00F82399 /* SwiftTimerUITests */ = {
			isa = PBXGroup;
			children = (
				8871174222E9B2AB00F82399 /* SwiftTimerUITests.swift */,
				8871174422E9B2AB00F82399 /* Info.plist */,
			);
			path = SwiftTimerUITests;
			sourceTree = "<group>";
		};
/* End PBXGroup section */

/* Begin PBXNativeTarget section */
		8871171E22E9B2A700F82399 /* SwiftTimer */ = {
			isa = PBXNativeTarget;
			buildConfigurationList = 8871174722E9B2AB00F82399 /* Build configuration list for PBXNativeTarget "SwiftTimer" */;
			buildPhases = (
				8871171B22E9B2A700F82399 /* Sources */,
				8871171C22E9B2A700F82399 /* Frameworks */,
				8871171D22E9B2A700F82399 /* Resources */,
			);
			buildRules = (
			);
			dependencies = (
			);
			name = SwiftTimer;
			productName = SwiftTimer;
			productReference = 8871171F22E9B2A700F82399 /* SwiftTimer.app */;
			productType = "com.apple.product-type.application";
		};
		8871173222E9B2AB00F82399 /* SwiftTimerTests */ = {
			isa = PBXNativeTarget;
			buildConfigurationList = 8871174A22E9B2AB00F82399 /* Build configuration list for PBXNativeTarget "SwiftTimerTests" */;
			buildPhases = (
				8871172F22E9B2AB00F82399 /* Sources */,
				8871173022E9B2AB00F82399 /* Frameworks */,
				8871173122E9B2AB00F82399 /* Resources */,
			);
			buildRules = (
			);
			dependencies = (
				8871173522E9B2AB00F82399 /* PBXTargetDependency */,
			);
			name = SwiftTimerTests;
			productName = SwiftTimerTests;
			productReference = 8871173322E9B2AB00F82399 /* SwiftTimerTests.xctest */;
			productType = "com.apple.product-type.bundle.unit-test";
		};
		8871173D22E9B2AB00F82399 /* SwiftTimerUITests */ = {
			isa = PBXNativeTarget;
			buildConfigurationList = 8871174D22E9B2AB00F82399 /* Build configuration list for PBXNativeTarget "SwiftTimerUITests" */;
			buildPhases = (
				8871173A22E9B2AB00F82399 /* Sources */,
				8871173B22E9B2AB00F82399 /* Frameworks */,
				8871173C22E9B2AB00F82399 /* Resources */,
			);
			buildRules = (
			);
			dependencies = (
				8871174022E9B2AB00F82399 /* PBXTargetDependency */,
			);
			name = SwiftTimerUITests;
			productName = SwiftTimerUITests;
			productReference = 8871173E22E9B2AB00F82399 /* SwiftTimerUITests.xctest */;
			productType = "com.apple.product-type.bundle.ui-testing";
		};
/* End PBXNativeTarget section */

/* Begin PBXProject section */
		8871171722E9B2A700F82399 /* Project object */ = {
			isa = PBXProject;
			attributes = {
				LastSwiftUpdateCheck = 1030;
				LastUpgradeCheck = 1030;
				ORGANIZATIONNAME = Tiaotiao;
				TargetAttributes = {
					8871171E22E9B2A700F82399 = {
						CreatedOnToolsVersion = 10.3;
					};
					8871173222E9B2AB00F82399 = {
						CreatedOnToolsVersion = 10.3;
						TestTargetID = 8871171E22E9B2A700F82399;
					};
					8871173D22E9B2AB00F82399 = {
						CreatedOnToolsVersion = 10.3;
						TestTargetID = 8871171E22E9B2A700F82399;
					};
				};
			};
			buildConfigurationList = 8871171A22E9B2A700F82399 /* Build configuration list for PBXProject "SwiftTimer" */;
			compatibilityVersion = "Xcode 9.3";
			developmentRegion = en;
			hasScannedForEncodings = 0;
			knownRegions = (
				en,
				Base,
			);
			mainGroup = 8871171622E9B2A700F82399;
			productRefGroup = 8871172022E9B2A700F82399 /* Products */;
			projectDirPath = "";
			projectRoot = "";
			targets = (
				8871171E22E9B2A700F82399 /* SwiftTimer */,
				8871173222E9B2AB00F82399 /* SwiftTimerTests */,
				8871173D22E9B2AB00F82399 /* SwiftTimerUITests */,
			);
		};
/* End PBXProject section */

/* Begin PBXResourcesBuildPhase section */
		8871171D22E9B2A700F82399 /* Resources */ = {
			isa = PBXResourcesBuildPhase;
			buildActionMask = 2147483647;
			files = (
				8871172D22E9B2AB00F82399 /* LaunchScreen.storyboard in Resources */,
				8871172A22E9B2AB00F82399 /* Assets.xcassets in Resources */,
				8871172822E9B2A700F82399 /* Main.storyboard in Resources */,
			);
			runOnlyForDeploymentPostprocessing = 0;
		};
		8871173122E9B2AB00F82399 /* Resources */ = {
			isa = PBXResourcesBuildPhase;
			buildActionMask = 2147483647;
			files = (
			);
			runOnlyForDeploymentPostprocessing = 0;
		};
		8871173C22E9B2AB00F82399 /* Resources */ = {
			isa = PBXResourcesBuildPhase;
			buildActionMask = 2147483647;
			files = (
			);
			runOnlyForDeploymentPostprocessing = 0;
		};
/* End PBXResourcesBuildPhase section */

/* Begin PBXSourcesBuildPhase section */
		8871171B22E9B2A700F82399 /* Sources */ = {
			isa = PBXSourcesBuildPhase;
			buildActionMask = 2147483647;
			files = (
				8871172522E9B2A700F82399 /* ViewController.swift in Sources */,
				8871172322E9B2A700F82399 /* AppDelegate.swift in Sources */,
			);
			runOnlyForDeploymentPostprocessing = 0;
		};
		8871172F22E9B2AB00F82399 /* Sources */ = {
			isa = PBXSourcesBuildPhase;
			buildActionMask = 2147483647;
			files = (
				8871173822E9B2AB00F82399 /* SwiftTimerTests.swift in Sources */,
			);
			runOnlyForDeploymentPostprocessing = 0;
		};
		8871173A22E9B2AB00F82399 /* Sources */ = {
			isa = PBXSourcesBuildPhase;
			buildActionMask = 2147483647;
			files = (
				8871174322E9B2AB00F82399 /* SwiftTimerUITests.swift in Sources */,
			);
			runOnlyForDeploymentPostprocessing = 0;
		};
/* End PBXSourcesBuildPhase section */

/* Begin PBXTargetDependency section */
		8871173522E9B2AB00F82399 /* PBXTargetDependency */ = {
			isa = PBXTargetDependency;
			target = 8871171E22E9B2A700F82399 /* SwiftTimer */;
			targetProxy = 8871173422E9B2AB00F82399 /* PBXContainerItemProxy */;
		};
		8871174022E9B2AB00F82399 /* PBXTargetDependency */ = {
			isa = PBXTargetDependency;
			target = 8871171E22E9B2A700F82399 /* SwiftTimer */;
			targetProxy = 8871173F22E9B2AB00F82399 /* PBXContainerItemProxy */;
		};
/* End PBXTargetDependency section */

/* Begin PBXVariantGroup section */
		8871172622E9B2A700F82399 /* Main.storyboard */ = {
			isa = PBXVariantGroup;
			children = (
				8871172722E9B2A700F82399 /* Base */,
			);
			name = Main.storyboard;
			sourceTree = "<group>";
		};
		8871172B22E9B2AB00F82399 /* LaunchScreen.storyboard */ = {
			isa = PBXVariantGroup;
			children = (
				8871172C22E9B2AB00F82399 /* Base */,
			);
			name = LaunchScreen.storyboard;
			sourceTree = "<group>";
		};
/* End PBXVariantGroup section */

/* Begin XCBuildConfiguration section */
		8871174522E9B2AB00F82399 /* Debug */ = {
			isa = XCBuildConfiguration;
			buildSettings = {
				ALWAYS_SEARCH_USER_PATHS = NO;
				CLANG_ANALYZER_NONNULL = YES;
				CLANG_ANALYZER_NUMBER_OBJECT_CONVERSION = YES_AGGRESSIVE;
				CLANG_CXX_LANGUAGE_STANDARD = "gnu++14";
				CLANG_CXX_LIBRARY = "libc++";
				CLANG_ENABLE_MODULES = YES;
				CLANG_ENABLE_OBJC_ARC = YES;
				CLANG_ENABLE_OBJC_WEAK = YES;
				CLANG_WARN_BLOCK_CAPTURE_AUTORELEASING = YES;
				CLANG_WARN_BOOL_CONVERSION = YES;
				CLANG_WARN_COMMA = YES;
				CLANG_WARN_CONSTANT_CONVERSION = YES;
				CLANG_WARN_DEPRECATED_OBJC_IMPLEMENTATIONS = YES;
				CLANG_WARN_DIRECT_OBJC_ISA_USAGE = YES_ERROR;
				CLANG_WARN_DOCUMENTATION_COMMENTS = YES;
				CLANG_WARN_EMPTY_BODY = YES;
				CLANG_WARN_ENUM_CONVERSION = YES;
				CLANG_WARN_INFINITE_RECURSION = YES;
				CLANG_WARN_INT_CONVERSION = YES;
				CLANG_WARN_NON_LITERAL_NULL_CONVERSION = YES;
				CLANG_WARN_OBJC_IMPLICIT_RETAIN_SELF = YES;
				CLANG_WARN_OBJC_LITERAL_CONVERSION = YES;
				CLANG_WARN_OBJC_ROOT_CLASS = YES_ERROR;
				CLANG_WARN_RANGE_LOOP_ANALYSIS = YES;
				CLANG_WARN_STRICT_PROTOTYPES = YES;
				CLANG_WARN_SUSPICIOUS_MOVE = YES;
				CLANG_WARN_UNGUARDED_AVAILABILITY = YES_AGGRESSIVE;
				CLANG_WARN_UNREACHABLE_CODE = YES;
				CLANG_WARN__DUPLICATE_METHOD_MATCH = YES;
				CODE_SIGN_IDENTITY = "iPhone Developer";
				COPY_PHASE_STRIP = NO;
				DEBUG_INFORMATION_FORMAT = dwarf;
				ENABLE_STRICT_OBJC_MSGSEND = YES;
				ENABLE_TESTABILITY = YES;
				GCC_C_LANGUAGE_STANDARD = gnu11;
				GCC_DYNAMIC_NO_PIC = NO;
				GCC_NO_COMMON_BLOCKS = YES;
				GCC_OPTIMIZATION_LEVEL = 0;
				GCC_PREPROCESSOR_DEFINITIONS = (
					"DEBUG=1",
					"$(inherited)",
				);
				GCC_WARN_64_TO_32_BIT_CONVERSION = YES;
				GCC_WARN_ABOUT_RETURN_TYPE = YES_ERROR;
				GCC_WARN_UNDECLARED_SELECTOR = YES;
				GCC_WARN_UNINITIALIZED_AUTOS = YES_AGGRESSIVE;
				GCC_WARN_UNUSED_FUNCTION = YES;
				GCC_WARN_UNUSED_VARIABLE = YES;
				IPHONEOS_DEPLOYMENT_TARGET = 12.4;
				MTL_ENABLE_DEBUG_INFO = INCLUDE_SOURCE;
				MTL_FAST_MATH = YES;
				ONLY_ACTIVE_ARCH = YES;
				SDKROOT = iphoneos;
				SWIFT_ACTIVE_COMPILATION_CONDITIONS = DEBUG;
				SWIFT_OPTIMIZATION_LEVEL = "-Onone";
			};
			name = Debug;
		};
		8871174622E9B2AB00F82399 /* Release */ = {
			isa = XCBuildConfiguration;
			buildSettings = {
				ALWAYS_SEARCH_USER_PATHS = NO;
				CLANG_ANALYZER_NONNULL = YES;
				CLANG_ANALYZER_NUMBER_OBJECT_CONVERSION = YES_AGGRESSIVE;
				CLANG_CXX_LANGUAGE_STANDARD = "gnu++14";
				CLANG_CXX_LIBRARY = "libc++";
				CLANG_ENABLE_MODULES = YES;
				CLANG_ENABLE_OBJC_ARC = YES;
				CLANG_ENABLE_OBJC_WEAK = YES;
				CLANG_WARN_BLOCK_CAPTURE_AUTORELEASING = YES;
				CLANG_WARN_BOOL_CONVERSION = YES;
				CLANG_WARN_COMMA = YES;
				CLANG_WARN_CONSTANT_CONVERSION = YES;
				CLANG_WARN_DEPRECATED_OBJC_IMPLEMENTATIONS = YES;
				CLANG_WARN_DIRECT_OBJC_ISA_USAGE = YES_ERROR;
				CLANG_WARN_DOCUMENTATION_COMMENTS = YES;
				CLANG_WARN_EMPTY_BODY = YES;
				CLANG_WARN_ENUM_CONVERSION = YES;
				CLANG_WARN_INFINITE_RECURSION = YES;
				CLANG_WARN_INT_CONVERSION = YES;
				CLANG_WARN_NON_LITERAL_NULL_CONVERSION = YES;
				CLANG_WARN_OBJC_IMPLICIT_RETAIN_SELF = YES;
				CLANG_WARN_OBJC_LITERAL_CONVERSION = YES;
				CLANG_WARN_OBJC_ROOT_CLASS = YES_ERROR;
				CLANG_WARN_RANGE_LOOP_ANALYSIS = YES;
				CLANG_WARN_STRICT_PROTOTYPES = YES;
				CLANG_WARN_SUSPICIOUS_MOVE = YES;
				CLANG_WARN_UNGUARDED_AVAILABILITY = YES_AGGRESSIVE;
				CLANG_WARN_UNREACHABLE_CODE = YES;
				CLANG_WARN__DUPLICATE_METHOD_MATCH = YES;
				CODE_SIGN_IDENTITY = "iPhone Developer";
				COPY_PHASE_STRIP = NO;
				DEBUG_INFORMATION_FORMAT = "dwarf-with-dsym";
				ENABLE_NS_ASSERTIONS = NO;
				ENABLE_STRICT_OBJC_MSGSEND = YES;
				GCC_C_LANGUAGE_STANDARD = gnu11;
				GCC_NO_COMMON_BLOCKS = YES;
				GCC_WARN_64_TO_32_BIT_CONVERSION = YES;
				GCC_WARN_ABOUT_RETURN_TYPE = YES_ERROR;
				GCC_WARN_UNDECLARED_SELECTOR = YES;
				GCC_WARN_UNINITIALIZED_AUTOS = YES_AGGRESSIVE;
				GCC_WARN_UNUSED_FUNCTION = YES;
				GCC_WARN_UNUSED_VARIABLE = YES;
				IPHONEOS_DEPLOYMENT_TARGET = 12.4;
				MTL_ENABLE_DEBUG_INFO = NO;
				MTL_FAST_MATH = YES;
				SDKROOT = iphoneos;
				SWIFT_COMPILATION_MODE = wholemodule;
				SWIFT_OPTIMIZATION_LEVEL = "-O";
				VALIDATE_PRODUCT = YES;
			};
			name = Release;
		};
		8871174822E9B2AB00F82399 /* Debug */ = {
			isa = XCBuildConfiguration;
			buildSettings = {
				ASSETCATALOG_COMPILER_APPICON_NAME = AppIcon;
				CODE_SIGN_STYLE = Automatic;
				DEVELOPMENT_TEAM = ARGK844GXV;
				INFOPLIST_FILE = SwiftTimer/Info.plist;
				LD_RUNPATH_SEARCH_PATHS = (
					"$(inherited)",
					"@executable_path/Frameworks",
				);
				PRODUCT_BUNDLE_IDENTIFIER = tiaotiao.SwiftTimer;
				PRODUCT_NAME = "$(TARGET_NAME)";
				SWIFT_VERSION = 5.0;
				TARGETED_DEVICE_FAMILY = "1,2";
			};
			name = Debug;
		};
		8871174922E9B2AB00F82399 /* Release */ = {
			isa = XCBuildConfiguration;
			buildSettings = {
				ASSETCATALOG_COMPILER_APPICON_NAME = AppIcon;
				CODE_SIGN_STYLE = Automatic;
				DEVELOPMENT_TEAM = ARGK844GXV;
				INFOPLIST_FILE = SwiftTimer/Info.plist;
				LD_RUNPATH_SEARCH_PATHS = (
					"$(inherited)",
					"@executable_path/Frameworks",
				);
				PRODUCT_BUNDLE_IDENTIFIER = tiaotiao.SwiftTimer;
				PRODUCT_NAME = "$(TARGET_NAME)";
				SWIFT_VERSION = 5.0;
				TARGETED_DEVICE_FAMILY = "1,2";
			};
			name = Release;
		};
		8871174B22E9B2AB00F82399 /* Debug */ = {
			isa = XCBuildConfiguration;
			buildSettings = {
				ALWAYS_EMBED_SWIFT_STANDARD_LIBRARIES = YES;
				BUNDLE_LOADER = "$(TEST_HOST)";
				CODE_SIGN_STYLE = Automatic;
				INFOPLIST_FILE = SwiftTimerTests/Info.plist;
				LD_RUNPATH_SEARCH_PATHS = (
					"$(inherited)",
					"@executable_path/Frameworks",
					"@loader_path/Frameworks",
				);
				PRODUCT_BUNDLE_IDENTIFIER = tiaotiao.SwiftTimerTests;
				PRODUCT_NAME = "$(TARGET_NAME)";
				SWIFT_VERSION = 5.0;
				TARGETED_DEVICE_FAMILY = "1,2";
				TEST_HOST = "$(BUILT_PRODUCTS_DIR)/SwiftTimer.app/SwiftTimer";
			};
			name = Debug;
		};
		8871174C22E9B2AB00F82399 /* Release */ = {
			isa = XCBuildConfiguration;
			buildSettings = {
				ALWAYS_EMBED_SWIFT_STANDARD_LIBRARIES = YES;
				BUNDLE_LOADER = "$(TEST_HOST)";
				CODE_SIGN_STYLE = Automatic;
				INFOPLIST_FILE = SwiftTimerTests/Info.plist;
				LD_RUNPATH_SEARCH_PATHS = (
					"$(inherited)",
					"@executable_path/Frameworks",
					"@loader_path/Frameworks",
				);
				PRODUCT_BUNDLE_IDENTIFIER = tiaotiao.SwiftTimerTests;
				PRODUCT_NAME = "$(TARGET_NAME)";
				SWIFT_VERSION = 5.0;
				TARGETED_DEVICE_FAMILY = "1,2";
				TEST_HOST = "$(BUILT_PRODUCTS_DIR)/SwiftTimer.app/SwiftTimer";
			};
			name = Release;
		};
		8871174E22E9B2AB00F82399 /* Debug */ = {
			isa = XCBuildConfiguration;
			buildSettings = {
				ALWAYS_EMBED_SWIFT_STANDARD_LIBRARIES = YES;
				CODE_SIGN_STYLE = Automatic;
				INFOPLIST_FILE = SwiftTimerUITests/Info.plist;
				LD_RUNPATH_SEARCH_PATHS = (
					"$(inherited)",
					"@executable_path/Frameworks",
					"@loader_path/Frameworks",
				);
				PRODUCT_BUNDLE_IDENTIFIER = tiaotiao.SwiftTimerUITests;
				PRODUCT_NAME = "$(TARGET_NAME)";
				SWIFT_VERSION = 5.0;
				TARGETED_DEVICE_FAMILY = "1,2";
				TEST_TARGET_NAME = SwiftTimer;
			};
			name = Debug;
		};
		8871174F22E9B2AB00F82399 /* Release */ = {
			isa = XCBuildConfiguration;
			buildSettings = {
				ALWAYS_EMBED_SWIFT_STANDARD_LIBRARIES = YES;
				CODE_SIGN_STYLE = Automatic;
				INFOPLIST_FILE = SwiftTimerUITests/Info.plist;
				LD_RUNPATH_SEARCH_PATHS = (
					"$(inherited)",
					"@executable_path/Frameworks",
					"@loader_path/Frameworks",
				);
				PRODUCT_BUNDLE_IDENTIFIER = tiaotiao.SwiftTimerUITests;
				PRODUCT_NAME = "$(TARGET_NAME)";
				SWIFT_VERSION = 5.0;
				TARGETED_DEVICE_FAMILY = "1,2";
				TEST_TARGET_NAME = SwiftTimer;
			};
			name = Release;
		};
/* End XCBuildConfiguration section */

/* Begin XCConfigurationList section */
		8871171A22E9B2A700F82399 /* Build configuration list for PBXProject "SwiftTimer" */ = {
			isa = XCConfigurationList;
			buildConfigurations = (
				8871174522E9B2AB00F82399 /* Debug */,
				8871174622E9B2AB00F82399 /* Release */,
			);
			defaultConfigurationIsVisible = 0;
			defaultConfigurationName = Release;
		};
		8871174722E9B2AB00F82399 /* Build configuration list for PBXNativeTarget "SwiftTimer" */ = {
			isa = XCConfigurationList;
			buildConfigurations = (
				8871174822E9B2AB00F82399 /* Debug */,
				8871174922E9B2AB00F82399 /* Release */,
			);
			defaultConfigurationIsVisible = 0;
			defaultConfigurationName = Release;
		};
		8871174A22E9B2AB00F82399 /* Build configuration list for PBXNativeTarget "SwiftTimerTests" */ = {
			isa = XCConfigurationList;
			buildConfigurations = (
				8871174B22E9B2AB00F82399 /* Debug */,
				8871174C22E9B2AB00F82399 /* Release */,
			);
			defaultConfigurationIsVisible = 0;
			defaultConfigurationName = Release;
		};
		8871174D22E9B2AB00F82399 /* Build configuration list for PBXNativeTarget "SwiftTimerUITests" */ = {
			isa = XCConfigurationList;
			buildConfigurations = (
				8871174E22E9B2AB00F82399 /* Debug */,
				8871174F22E9B2AB00F82399 /* Release */,
			);
			defaultConfigurationIsVisible = 0;
			defaultConfigurationName = Release;
		};
/* End XCConfigurationList section */
	};
	rootObject = 8871171722E9B2A700F82399 /* Project object */;
}
